
Microsoft Visual Studio Solution File, Format Version 12.00
Project("{FAE04EC0-301F-11D3-BF4B-00C04F79EFBC}") = "BenchmarkLogging", "BenchmarkLogging\BenchmarkLogging.csproj", "{38080EB2-0310-4FB4-92A3-213068AC1A04}"
EndProject
Project("{2150E333-8FDC-42A3-9474-1A3956D46DE8}") = "SolutionItems", "SolutionItems", "{32FC92AD-3E44-4020-9103-7710E0101236}"
	ProjectSection(SolutionItems) = preProject
		readme.md = readme.md
	EndProjectSection
EndProject
Global
	GlobalSection(SolutionConfigurationPlatforms) = preSolution
		Debug|Any CPU = Debug|Any CPU
		Release|Any CPU = Release|Any CPU
	EndGlobalSection
	GlobalSection(ProjectConfigurationPlatforms) = postSolution
		{38080EB2-0310-4FB4-92A3-213068AC1A04}.Debug|Any CPU.ActiveCfg = Debug|Any CPU
		{38080EB2-0310-4FB4-92A3-213068AC1A04}.Debug|Any CPU.Build.0 = Debug|Any CPU
		{38080EB2-0310-4FB4-92A3-213068AC1A04}.Release|Any CPU.ActiveCfg = Release|Any CPU
		{38080EB2-0310-4FB4-92A3-213068AC1A04}.Release|Any CPU.Build.0 = Release|Any CPU
	EndGlobalSection
EndGlobal
